
Microsoft Visual Studio Solution File, Format Version 12.00
# Visual Studio Version 17
VisualStudioVersion = 17.3.32922.545
MinimumVisualStudioVersion = 10.0.40219.1
Project("{FAE04EC0-301F-11D3-BF4B-00C04F79EFBC}") = "Microservices", "Microservices\Microservices.csproj", "{1C274337-B781-47E1-936B-B7ED7E1B4FEF}"
EndProject
Global
	GlobalSection(SolutionConfigurationPlatforms) = preSolution
		Debug|Any CPU = Debug|Any CPU
		Release|Any CPU = Release|Any CPU
	EndGlobalSection
	GlobalSection(ProjectConfigurationPlatforms) = postSolution
		{1C274337-B781-47E1-936B-B7ED7E1B4FEF}.Debug|Any CPU.ActiveCfg = Debug|Any CPU
		{1C274337-B781-47E1-936B-B7ED7E1B4FEF}.Debug|Any CPU.Build.0 = Debug|Any CPU
		{1C274337-B781-47E1-936B-B7ED7E1B4FEF}.Release|Any CPU.ActiveCfg = Release|Any CPU
		{1C274337-B781-47E1-936B-B7ED7E1B4FEF}.Release|Any CPU.Build.0 = Release|Any CPU
	EndGlobalSection
	GlobalSection(SolutionProperties) = preSolution
		HideSolutionNode = FALSE
	EndGlobalSection
	GlobalSection(ExtensibilityGlobals) = postSolution
		SolutionGuid = {28F1B81F-DE9D-4BF9-B091-D4AD5279CE9C}
	EndGlobalSection
EndGlobal
